
Microsoft Visual Studio Solution File, Format Version 12.00
# Visual Studio Version 16
VisualStudioVersion = 16.0.30413.136
MinimumVisualStudioVersion = 10.0.40219.1
Project("{FAE04EC0-301F-11D3-BF4B-00C04F79EFBC}") = "I-Statements", "I-Statements.csproj", "{9862DDA7-FFD0-42A4-8772-756BC7580C74}"
EndProject
Global
	GlobalSection(SolutionConfigurationPlatforms) = preSolution
		Debug|Any CPU = Debug|Any CPU
		Release|Any CPU = Release|Any CPU
	EndGlobalSection
	GlobalSection(ProjectConfigurationPlatforms) = postSolution
		{9862DDA7-FFD0-42A4-8772-756BC7580C74}.Debug|Any CPU.ActiveCfg = Debug|Any CPU
		{9862DDA7-FFD0-42A4-8772-756BC7580C74}.Debug|Any CPU.Build.0 = Debug|Any CPU
		{9862DDA7-FFD0-42A4-8772-756BC7580C74}.Release|Any CPU.ActiveCfg = Release|Any CPU
		{9862DDA7-FFD0-42A4-8772-756BC7580C74}.Release|Any CPU.Build.0 = Release|Any CPU
	EndGlobalSection
	GlobalSection(SolutionProperties) = preSolution
		HideSolutionNode = FALSE
	EndGlobalSection
	GlobalSection(ExtensibilityGlobals) = postSolution
		SolutionGuid = {F5AE8A32-877B-4A55-A561-A6BE211A7182}
	EndGlobalSection
EndGlobal
